
Microsoft Visual Studio Solution File, Format Version 12.00
# Visual Studio 15
VisualStudioVersion = 15.0.26430.13
MinimumVisualStudioVersion = 10.0.40219.1
Project("{FAE04EC0-301F-11D3-BF4B-00C04F79EFBC}") = "Vending Machine", "Vending Machine\Vending Machine.csproj", "{359FD757-DD63-4ECD-BC71-A2DF0A1C7EED}"
EndProject
Global
	GlobalSection(SolutionConfigurationPlatforms) = preSolution
		Debug|Any CPU = Debug|Any CPU
		Release|Any CPU = Release|Any CPU
	EndGlobalSection
	GlobalSection(ProjectConfigurationPlatforms) = postSolution
		{359FD757-DD63-4ECD-BC71-A2DF0A1C7EED}.Debug|Any CPU.ActiveCfg = Debug|Any CPU
		{359FD757-DD63-4ECD-BC71-A2DF0A1C7EED}.Debug|Any CPU.Build.0 = Debug|Any CPU
		{359FD757-DD63-4ECD-BC71-A2DF0A1C7EED}.Release|Any CPU.ActiveCfg = Release|Any CPU
		{359FD757-DD63-4ECD-BC71-A2DF0A1C7EED}.Release|Any CPU.Build.0 = Release|Any CPU
	EndGlobalSection
	GlobalSection(SolutionProperties) = preSolution
		HideSolutionNode = FALSE
	EndGlobalSection
EndGlobal
